// !$*UTF8*$!
{
	archiveVersion = 1;
	classes = {
	};
	objectVersion = 56;
	objects = {

/* Begin PBXBuildFile section */
		379067852A3A19E000886D44 /* ActivityView.swift in Sources */ = {isa = PBXBuildFile; fileRef = 379067752A3A19DD00886D44 /* ActivityView.swift */; };
		379067862A3A19E000886D44 /* SegmentedPicker.swift in Sources */ = {isa = PBXBuildFile; fileRef = 379067762A3A19DE00886D44 /* SegmentedPicker.swift */; };
		379067872A3A19E000886D44 /* WriteDrawView.swift in Sources */ = {isa = PBXBuildFile; fileRef = 379067772A3A19DE00886D44 /* WriteDrawView.swift */; };
		379067882A3A19E000886D44 /* UnavailableView.swift in Sources */ = {isa = PBXBuildFile; fileRef = 379067782A3A19DE00886D44 /* UnavailableView.swift */; };
		379067892A3A19E000886D44 /* KeyBoardReadable.swift in Sources */ = {isa = PBXBuildFile; fileRef = 379067792A3A19DE00886D44 /* KeyBoardReadable.swift */; };
		3790678A2A3A19E000886D44 /* ShareButton.swift in Sources */ = {isa = PBXBuildFile; fileRef = 3790677A2A3A19DE00886D44 /* ShareButton.swift */; };
		3790678B2A3A19E000886D44 /* PencilButton.swift in Sources */ = {isa = PBXBuildFile; fileRef = 3790677B2A3A19DE00886D44 /* PencilButton.swift */; };
		3790678C2A3A19E000886D44 /* notificationFunc.swift in Sources */ = {isa = PBXBuildFile; fileRef = 3790677C2A3A19DF00886D44 /* notificationFunc.swift */; };
		3790678D2A3A19E000886D44 /* Assets.xcassets in Resources */ = {isa = PBXBuildFile; fileRef = 3790677D2A3A19DF00886D44 /* Assets.xcassets */; };
		3790678E2A3A19E000886D44 /* WriteView.swift in Sources */ = {isa = PBXBuildFile; fileRef = 3790677E2A3A19DF00886D44 /* WriteView.swift */; };
		3790678F2A3A19E000886D44 /* QuoteView.swift in Sources */ = {isa = PBXBuildFile; fileRef = 3790677F2A3A19DF00886D44 /* QuoteView.swift */; };
		379067902A3A19E000886D44 /* Preview Content in Resources */ = {isa = PBXBuildFile; fileRef = 379067802A3A19DF00886D44 /* Preview Content */; };
		379067912A3A19E000886D44 /* Canvas.swift in Sources */ = {isa = PBXBuildFile; fileRef = 379067812A3A19DF00886D44 /* Canvas.swift */; };
		379067922A3A19E000886D44 /* HeartalkApp.swift in Sources */ = {isa = PBXBuildFile; fileRef = 379067822A3A19E000886D44 /* HeartalkApp.swift */; };
		379067932A3A19E000886D44 /* ContentView.swift in Sources */ = {isa = PBXBuildFile; fileRef = 379067832A3A19E000886D44 /* ContentView.swift */; };
		379067942A3A19E000886D44 /* DrawView.swift in Sources */ = {isa = PBXBuildFile; fileRef = 379067842A3A19E000886D44 /* DrawView.swift */; };
/* End PBXBuildFile section */

/* Begin PBXContainerItemProxy section */
		37FE3CED2A320F07006C2F80 /* PBXContainerItemProxy */ = {
			isa = PBXContainerItemProxy;
			containerPortal = 37FE3CD42A320F06006C2F80 /* Project object */;
			proxyType = 1;
			remoteGlobalIDString = 37FE3CDB2A320F06006C2F80;
			remoteInfo = SessoTerzoTentativo;
		};
		37FE3CF72A320F07006C2F80 /* PBXContainerItemProxy */ = {
			isa = PBXContainerItemProxy;
			containerPortal = 37FE3CD42A320F06006C2F80 /* Project object */;
			proxyType = 1;
			remoteGlobalIDString = 37FE3CDB2A320F06006C2F80;
			remoteInfo = SessoTerzoTentativo;
		};
/* End PBXContainerItemProxy section */

/* Begin PBXFileReference section */
		379067752A3A19DD00886D44 /* ActivityView.swift */ = {isa = PBXFileReference; fileEncoding = 4; lastKnownFileType = sourcecode.swift; name = ActivityView.swift; path = Heartalk/ActivityView.swift; sourceTree = "<group>"; };
		379067762A3A19DE00886D44 /* SegmentedPicker.swift */ = {isa = PBXFileReference; fileEncoding = 4; lastKnownFileType = sourcecode.swift; name = SegmentedPicker.swift; path = Heartalk/SegmentedPicker.swift; sourceTree = "<group>"; };
		379067772A3A19DE00886D44 /* WriteDrawView.swift */ = {isa = PBXFileReference; fileEncoding = 4; lastKnownFileType = sourcecode.swift; name = WriteDrawView.swift; path = Heartalk/WriteDrawView.swift; sourceTree = "<group>"; };
		379067782A3A19DE00886D44 /* UnavailableView.swift */ = {isa = PBXFileReference; fileEncoding = 4; lastKnownFileType = sourcecode.swift; name = UnavailableView.swift; path = Heartalk/UnavailableView.swift; sourceTree = "<group>"; };
		379067792A3A19DE00886D44 /* KeyBoardReadable.swift */ = {isa = PBXFileReference; fileEncoding = 4; lastKnownFileType = sourcecode.swift; name = KeyBoardReadable.swift; path = Heartalk/KeyBoardReadable.swift; sourceTree = "<group>"; };
		3790677A2A3A19DE00886D44 /* ShareButton.swift */ = {isa = PBXFileReference; fileEncoding = 4; lastKnownFileType = sourcecode.swift; name = ShareButton.swift; path = Heartalk/ShareButton.swift; sourceTree = "<group>"; };
		3790677B2A3A19DE00886D44 /* PencilButton.swift */ = {isa = PBXFileReference; fileEncoding = 4; lastKnownFileType = sourcecode.swift; name = PencilButton.swift; path = Heartalk/PencilButton.swift; sourceTree = "<group>"; };
		3790677C2A3A19DF00886D44 /* notificationFunc.swift */ = {isa = PBXFileReference; fileEncoding = 4; lastKnownFileType = sourcecode.swift; name = notificationFunc.swift; path = Heartalk/notificationFunc.swift; sourceTree = "<group>"; };
		3790677D2A3A19DF00886D44 /* Assets.xcassets */ = {isa = PBXFileReference; lastKnownFileType = folder.assetcatalog; name = Assets.xcassets; path = Heartalk/Assets.xcassets; sourceTree = "<group>"; };
		3790677E2A3A19DF00886D44 /* WriteView.swift */ = {isa = PBXFileReference; fileEncoding = 4; lastKnownFileType = sourcecode.swift; name = WriteView.swift; path = Heartalk/WriteView.swift; sourceTree = "<group>"; };
		3790677F2A3A19DF00886D44 /* QuoteView.swift */ = {isa = PBXFileReference; fileEncoding = 4; lastKnownFileType = sourcecode.swift; name = QuoteView.swift; path = Heartalk/QuoteView.swift; sourceTree = "<group>"; };
		379067802A3A19DF00886D44 /* Preview Content */ = {isa = PBXFileReference; lastKnownFileType = folder; name = "Preview Content"; path = "Heartalk/Preview Content"; sourceTree = "<group>"; };
		379067812A3A19DF00886D44 /* Canvas.swift */ = {isa = PBXFileReference; fileEncoding = 4; lastKnownFileType = sourcecode.swift; name = Canvas.swift; path = Heartalk/Canvas.swift; sourceTree = "<group>"; };
		379067822A3A19E000886D44 /* HeartalkApp.swift */ = {isa = PBXFileReference; fileEncoding = 4; lastKnownFileType = sourcecode.swift; name = HeartalkApp.swift; path = Heartalk/HeartalkApp.swift; sourceTree = "<group>"; };
		379067832A3A19E000886D44 /* ContentView.swift */ = {isa = PBXFileReference; fileEncoding = 4; lastKnownFileType = sourcecode.swift; name = ContentView.swift; path = Heartalk/ContentView.swift; sourceTree = "<group>"; };
		379067842A3A19E000886D44 /* DrawView.swift */ = {isa = PBXFileReference; fileEncoding = 4; lastKnownFileType = sourcecode.swift; name = DrawView.swift; path = Heartalk/DrawView.swift; sourceTree = "<group>"; };
		37FE3CDC2A320F06006C2F80 /* SessoTerzoTentativo.app */ = {isa = PBXFileReference; explicitFileType = wrapper.application; includeInIndex = 0; path = SessoTerzoTentativo.app; sourceTree = BUILT_PRODUCTS_DIR; };
		37FE3CEC2A320F07006C2F80 /* SessoTerzoTentativoTests.xctest */ = {isa = PBXFileReference; explicitFileType = wrapper.cfbundle; includeInIndex = 0; path = SessoTerzoTentativoTests.xctest; sourceTree = BUILT_PRODUCTS_DIR; };
		37FE3CF62A320F07006C2F80 /* SessoTerzoTentativoUITests.xctest */ = {isa = PBXFileReference; explicitFileType = wrapper.cfbundle; includeInIndex = 0; path = SessoTerzoTentativoUITests.xctest; sourceTree = BUILT_PRODUCTS_DIR; };
/* End PBXFileReference section */

/* Begin PBXFrameworksBuildPhase section */
		37FE3CD92A320F06006C2F80 /* Frameworks */ = {
			isa = PBXFrameworksBuildPhase;
			buildActionMask = 2147483647;
			files = (
			);
			runOnlyForDeploymentPostprocessing = 0;
		};
		37FE3CE92A320F07006C2F80 /* Frameworks */ = {
			isa = PBXFrameworksBuildPhase;
			buildActionMask = 2147483647;
			files = (
			);
			runOnlyForDeploymentPostprocessing = 0;
		};
		37FE3CF32A320F07006C2F80 /* Frameworks */ = {
			isa = PBXFrameworksBuildPhase;
			buildActionMask = 2147483647;
			files = (
			);
			runOnlyForDeploymentPostprocessing = 0;
		};
/* End PBXFrameworksBuildPhase section */

/* Begin PBXGroup section */
		37FE3CD32A320F06006C2F80 = {
			isa = PBXGroup;
			children = (
				379067752A3A19DD00886D44 /* ActivityView.swift */,
				3790677D2A3A19DF00886D44 /* Assets.xcassets */,
				379067812A3A19DF00886D44 /* Canvas.swift */,
				379067832A3A19E000886D44 /* ContentView.swift */,
				379067842A3A19E000886D44 /* DrawView.swift */,
				379067822A3A19E000886D44 /* HeartalkApp.swift */,
				379067792A3A19DE00886D44 /* KeyBoardReadable.swift */,
				3790677C2A3A19DF00886D44 /* notificationFunc.swift */,
				3790677B2A3A19DE00886D44 /* PencilButton.swift */,
				379067802A3A19DF00886D44 /* Preview Content */,
				3790677F2A3A19DF00886D44 /* QuoteView.swift */,
				379067762A3A19DE00886D44 /* SegmentedPicker.swift */,
				3790677A2A3A19DE00886D44 /* ShareButton.swift */,
				379067782A3A19DE00886D44 /* UnavailableView.swift */,
				379067772A3A19DE00886D44 /* WriteDrawView.swift */,
				3790677E2A3A19DF00886D44 /* WriteView.swift */,
				37FE3CDD2A320F06006C2F80 /* Products */,
			);
			sourceTree = "<group>";
		};
		37FE3CDD2A320F06006C2F80 /* Products */ = {
			isa = PBXGroup;
			children = (
				37FE3CDC2A320F06006C2F80 /* SessoTerzoTentativo.app */,
				37FE3CEC2A320F07006C2F80 /* SessoTerzoTentativoTests.xctest */,
				37FE3CF62A320F07006C2F80 /* SessoTerzoTentativoUITests.xctest */,
			);
			name = Products;
			sourceTree = "<group>";
		};
/* End PBXGroup section */

/* Begin PBXNativeTarget section */
		37FE3CDB2A320F06006C2F80 /* SessoTerzoTentativo */ = {
			isa = PBXNativeTarget;
			buildConfigurationList = 37FE3D002A320F07006C2F80 /* Build configuration list for PBXNativeTarget "SessoTerzoTentativo" */;
			buildPhases = (
				37FE3CD82A320F06006C2F80 /* Sources */,
				37FE3CD92A320F06006C2F80 /* Frameworks */,
				37FE3CDA2A320F06006C2F80 /* Resources */,
			);
			buildRules = (
			);
			dependencies = (
			);
			name = SessoTerzoTentativo;
			productName = SessoTerzoTentativo;
			productReference = 37FE3CDC2A320F06006C2F80 /* SessoTerzoTentativo.app */;
			productType = "com.apple.product-type.application";
		};
		37FE3CEB2A320F07006C2F80 /* SessoTerzoTentativoTests */ = {
			isa = PBXNativeTarget;
			buildConfigurationList = 37FE3D032A320F07006C2F80 /* Build configuration list for PBXNativeTarget "SessoTerzoTentativoTests" */;
			buildPhases = (
				37FE3CE82A320F07006C2F80 /* Sources */,
				37FE3CE92A320F07006C2F80 /* Frameworks */,
				37FE3CEA2A320F07006C2F80 /* Resources */,
			);
			buildRules = (
			);
			dependencies = (
				37FE3CEE2A320F07006C2F80 /* PBXTargetDependency */,
			);
			name = SessoTerzoTentativoTests;
			productName = SessoTerzoTentativoTests;
			productReference = 37FE3CEC2A320F07006C2F80 /* SessoTerzoTentativoTests.xctest */;
			productType = "com.apple.product-type.bundle.unit-test";
		};
		37FE3CF52A320F07006C2F80 /* SessoTerzoTentativoUITests */ = {
			isa = PBXNativeTarget;
			buildConfigurationList = 37FE3D062A320F07006C2F80 /* Build configuration list for PBXNativeTarget "SessoTerzoTentativoUITests" */;
			buildPhases = (
				37FE3CF22A320F07006C2F80 /* Sources */,
				37FE3CF32A320F07006C2F80 /* Frameworks */,
				37FE3CF42A320F07006C2F80 /* Resources */,
			);
			buildRules = (
			);
			dependencies = (
				37FE3CF82A320F07006C2F80 /* PBXTargetDependency */,
			);
			name = SessoTerzoTentativoUITests;
			productName = SessoTerzoTentativoUITests;
			productReference = 37FE3CF62A320F07006C2F80 /* SessoTerzoTentativoUITests.xctest */;
			productType = "com.apple.product-type.bundle.ui-testing";
		};
/* End PBXNativeTarget section */

/* Begin PBXProject section */
		37FE3CD42A320F06006C2F80 /* Project object */ = {
			isa = PBXProject;
			attributes = {
				BuildIndependentTargetsInParallel = 1;
				LastSwiftUpdateCheck = 1430;
				LastUpgradeCheck = 1430;
				TargetAttributes = {
					37FE3CDB2A320F06006C2F80 = {
						CreatedOnToolsVersion = 14.3.1;
						LastSwiftMigration = 1430;
					};
					37FE3CEB2A320F07006C2F80 = {
						CreatedOnToolsVersion = 14.3.1;
						TestTargetID = 37FE3CDB2A320F06006C2F80;
					};
					37FE3CF52A320F07006C2F80 = {
						CreatedOnToolsVersion = 14.3.1;
						TestTargetID = 37FE3CDB2A320F06006C2F80;
					};
				};
			};
			buildConfigurationList = 37FE3CD72A320F06006C2F80 /* Build configuration list for PBXProject "Heartalk" */;
			compatibilityVersion = "Xcode 14.0";
			developmentRegion = en;
			hasScannedForEncodings = 0;
			knownRegions = (
				en,
				Base,
			);
			mainGroup = 37FE3CD32A320F06006C2F80;
			productRefGroup = 37FE3CDD2A320F06006C2F80 /* Products */;
			projectDirPath = "";
			projectRoot = "";
			targets = (
				37FE3CDB2A320F06006C2F80 /* SessoTerzoTentativo */,
				37FE3CEB2A320F07006C2F80 /* SessoTerzoTentativoTests */,
				37FE3CF52A320F07006C2F80 /* SessoTerzoTentativoUITests */,
			);
		};
/* End PBXProject section */

/* Begin PBXResourcesBuildPhase section */
		37FE3CDA2A320F06006C2F80 /* Resources */ = {
			isa = PBXResourcesBuildPhase;
			buildActionMask = 2147483647;
			files = (
				379067902A3A19E000886D44 /* Preview Content in Resources */,
				3790678D2A3A19E000886D44 /* Assets.xcassets in Resources */,
			);
			runOnlyForDeploymentPostprocessing = 0;
		};
		37FE3CEA2A320F07006C2F80 /* Resources */ = {
			isa = PBXResourcesBuildPhase;
			buildActionMask = 2147483647;
			files = (
			);
			runOnlyForDeploymentPostprocessing = 0;
		};
		37FE3CF42A320F07006C2F80 /* Resources */ = {
			isa = PBXResourcesBuildPhase;
			buildActionMask = 2147483647;
			files = (
			);
			runOnlyForDeploymentPostprocessing = 0;
		};
/* End PBXResourcesBuildPhase section */

/* Begin PBXSourcesBuildPhase section */
		37FE3CD82A320F06006C2F80 /* Sources */ = {
			isa = PBXSourcesBuildPhase;
			buildActionMask = 2147483647;
			files = (
				379067862A3A19E000886D44 /* SegmentedPicker.swift in Sources */,
				379067922A3A19E000886D44 /* HeartalkApp.swift in Sources */,
				379067942A3A19E000886D44 /* DrawView.swift in Sources */,
				379067912A3A19E000886D44 /* Canvas.swift in Sources */,
				3790678F2A3A19E000886D44 /* QuoteView.swift in Sources */,
				379067852A3A19E000886D44 /* ActivityView.swift in Sources */,
				3790678E2A3A19E000886D44 /* WriteView.swift in Sources */,
				379067892A3A19E000886D44 /* KeyBoardReadable.swift in Sources */,
				3790678B2A3A19E000886D44 /* PencilButton.swift in Sources */,
				3790678C2A3A19E000886D44 /* notificationFunc.swift in Sources */,
				3790678A2A3A19E000886D44 /* ShareButton.swift in Sources */,
				379067932A3A19E000886D44 /* ContentView.swift in Sources */,
				379067872A3A19E000886D44 /* WriteDrawView.swift in Sources */,
				379067882A3A19E000886D44 /* UnavailableView.swift in Sources */,
			);
			runOnlyForDeploymentPostprocessing = 0;
		};
		37FE3CE82A320F07006C2F80 /* Sources */ = {
			isa = PBXSourcesBuildPhase;
			buildActionMask = 2147483647;
			files = (
			);
			runOnlyForDeploymentPostprocessing = 0;
		};
		37FE3CF22A320F07006C2F80 /* Sources */ = {
			isa = PBXSourcesBuildPhase;
			buildActionMask = 2147483647;
			files = (
			);
			runOnlyForDeploymentPostprocessing = 0;
		};
/* End PBXSourcesBuildPhase section */

/* Begin PBXTargetDependency section */
		37FE3CEE2A320F07006C2F80 /* PBXTargetDependency */ = {
			isa = PBXTargetDependency;
			target = 37FE3CDB2A320F06006C2F80 /* SessoTerzoTentativo */;
			targetProxy = 37FE3CED2A320F07006C2F80 /* PBXContainerItemProxy */;
		};
		37FE3CF82A320F07006C2F80 /* PBXTargetDependency */ = {
			isa = PBXTargetDependency;
			target = 37FE3CDB2A320F06006C2F80 /* SessoTerzoTentativo */;
			targetProxy = 37FE3CF72A320F07006C2F80 /* PBXContainerItemProxy */;
		};
/* End PBXTargetDependency section */

/* Begin XCBuildConfiguration section */
		37FE3CFE2A320F07006C2F80 /* Debug */ = {
			isa = XCBuildConfiguration;
			buildSettings = {
				ALWAYS_SEARCH_USER_PATHS = NO;
				CLANG_ANALYZER_NONNULL = YES;
				CLANG_ANALYZER_NUMBER_OBJECT_CONVERSION = YES_AGGRESSIVE;
				CLANG_CXX_LANGUAGE_STANDARD = "gnu++20";
				CLANG_ENABLE_MODULES = YES;
				CLANG_ENABLE_OBJC_ARC = YES;
				CLANG_ENABLE_OBJC_WEAK = YES;
				CLANG_WARN_BLOCK_CAPTURE_AUTORELEASING = YES;
				CLANG_WARN_BOOL_CONVERSION = YES;
				CLANG_WARN_COMMA = YES;
				CLANG_WARN_CONSTANT_CONVERSION = YES;
				CLANG_WARN_DEPRECATED_OBJC_IMPLEMENTATIONS = YES;
				CLANG_WARN_DIRECT_OBJC_ISA_USAGE = YES_ERROR;
				CLANG_WARN_DOCUMENTATION_COMMENTS = YES;
				CLANG_WARN_EMPTY_BODY = YES;
				CLANG_WARN_ENUM_CONVERSION = YES;
				CLANG_WARN_INFINITE_RECURSION = YES;
				CLANG_WARN_INT_CONVERSION = YES;
				CLANG_WARN_NON_LITERAL_NULL_CONVERSION = YES;
				CLANG_WARN_OBJC_IMPLICIT_RETAIN_SELF = YES;
				CLANG_WARN_OBJC_LITERAL_CONVERSION = YES;
				CLANG_WARN_OBJC_ROOT_CLASS = YES_ERROR;
				CLANG_WARN_QUOTED_INCLUDE_IN_FRAMEWORK_HEADER = YES;
				CLANG_WARN_RANGE_LOOP_ANALYSIS = YES;
				CLANG_WARN_STRICT_PROTOTYPES = YES;
				CLANG_WARN_SUSPICIOUS_MOVE = YES;
				CLANG_WARN_UNGUARDED_AVAILABILITY = YES_AGGRESSIVE;
				CLANG_WARN_UNREACHABLE_CODE = YES;
				CLANG_WARN__DUPLICATE_METHOD_MATCH = YES;
				COPY_PHASE_STRIP = NO;
				DEBUG_INFORMATION_FORMAT = dwarf;
				ENABLE_STRICT_OBJC_MSGSEND = YES;
				ENABLE_TESTABILITY = YES;
				GCC_C_LANGUAGE_STANDARD = gnu11;
				GCC_DYNAMIC_NO_PIC = NO;
				GCC_NO_COMMON_BLOCKS = YES;
				GCC_OPTIMIZATION_LEVEL = 0;
				GCC_PREPROCESSOR_DEFINITIONS = (
					"DEBUG=1",
					"$(inherited)",
				);
				GCC_WARN_64_TO_32_BIT_CONVERSION = YES;
				GCC_WARN_ABOUT_RETURN_TYPE = YES_ERROR;
				GCC_WARN_UNDECLARED_SELECTOR = YES;
				GCC_WARN_UNINITIALIZED_AUTOS = YES_AGGRESSIVE;
				GCC_WARN_UNUSED_FUNCTION = YES;
				GCC_WARN_UNUSED_VARIABLE = YES;
				IPHONEOS_DEPLOYMENT_TARGET = 16.4;
				MTL_ENABLE_DEBUG_INFO = INCLUDE_SOURCE;
				MTL_FAST_MATH = YES;
				ONLY_ACTIVE_ARCH = YES;
				SDKROOT = iphoneos;
				SWIFT_ACTIVE_COMPILATION_CONDITIONS = DEBUG;
				SWIFT_OPTIMIZATION_LEVEL = "-Onone";
			};
			name = Debug;
		};
		37FE3CFF2A320F07006C2F80 /* Release */ = {
			isa = XCBuildConfiguration;
			buildSettings = {
				ALWAYS_SEARCH_USER_PATHS = NO;
				CLANG_ANALYZER_NONNULL = YES;
				CLANG_ANALYZER_NUMBER_OBJECT_CONVERSION = YES_AGGRESSIVE;
				CLANG_CXX_LANGUAGE_STANDARD = "gnu++20";
				CLANG_ENABLE_MODULES = YES;
				CLANG_ENABLE_OBJC_ARC = YES;
				CLANG_ENABLE_OBJC_WEAK = YES;
				CLANG_WARN_BLOCK_CAPTURE_AUTORELEASING = YES;
				CLANG_WARN_BOOL_CONVERSION = YES;
				CLANG_WARN_COMMA = YES;
				CLANG_WARN_CONSTANT_CONVERSION = YES;
				CLANG_WARN_DEPRECATED_OBJC_IMPLEMENTATIONS = YES;
				CLANG_WARN_DIRECT_OBJC_ISA_USAGE = YES_ERROR;
				CLANG_WARN_DOCUMENTATION_COMMENTS = YES;
				CLANG_WARN_EMPTY_BODY = YES;
				CLANG_WARN_ENUM_CONVERSION = YES;
				CLANG_WARN_INFINITE_RECURSION = YES;
				CLANG_WARN_INT_CONVERSION = YES;
				CLANG_WARN_NON_LITERAL_NULL_CONVERSION = YES;
				CLANG_WARN_OBJC_IMPLICIT_RETAIN_SELF = YES;
				CLANG_WARN_OBJC_LITERAL_CONVERSION = YES;
				CLANG_WARN_OBJC_ROOT_CLASS = YES_ERROR;
				CLANG_WARN_QUOTED_INCLUDE_IN_FRAMEWORK_HEADER = YES;
				CLANG_WARN_RANGE_LOOP_ANALYSIS = YES;
				CLANG_WARN_STRICT_PROTOTYPES = YES;
				CLANG_WARN_SUSPICIOUS_MOVE = YES;
				CLANG_WARN_UNGUARDED_AVAILABILITY = YES_AGGRESSIVE;
				CLANG_WARN_UNREACHABLE_CODE = YES;
				CLANG_WARN__DUPLICATE_METHOD_MATCH = YES;
				COPY_PHASE_STRIP = NO;
				DEBUG_INFORMATION_FORMAT = "dwarf-with-dsym";
				ENABLE_NS_ASSERTIONS = NO;
				ENABLE_STRICT_OBJC_MSGSEND = YES;
				GCC_C_LANGUAGE_STANDARD = gnu11;
				GCC_NO_COMMON_BLOCKS = YES;
				GCC_WARN_64_TO_32_BIT_CONVERSION = YES;
				GCC_WARN_ABOUT_RETURN_TYPE = YES_ERROR;
				GCC_WARN_UNDECLARED_SELECTOR = YES;
				GCC_WARN_UNINITIALIZED_AUTOS = YES_AGGRESSIVE;
				GCC_WARN_UNUSED_FUNCTION = YES;
				GCC_WARN_UNUSED_VARIABLE = YES;
				IPHONEOS_DEPLOYMENT_TARGET = 16.4;
				MTL_ENABLE_DEBUG_INFO = NO;
				MTL_FAST_MATH = YES;
				SDKROOT = iphoneos;
				SWIFT_COMPILATION_MODE = wholemodule;
				SWIFT_OPTIMIZATION_LEVEL = "-O";
				VALIDATE_PRODUCT = YES;
			};
			name = Release;
		};
		37FE3D012A320F07006C2F80 /* Debug */ = {
			isa = XCBuildConfiguration;
			buildSettings = {
				ASSETCATALOG_COMPILER_APPICON_NAME = AppIcon;
				ASSETCATALOG_COMPILER_GLOBAL_ACCENT_COLOR_NAME = AccentColor;
				CLANG_ENABLE_MODULES = YES;
				CODE_SIGN_STYLE = Automatic;
				CURRENT_PROJECT_VERSION = 1;
				DEVELOPMENT_ASSET_PATHS = "\"Heartalk/Preview Content\"";
				DEVELOPMENT_TEAM = 73UJ85V67K;
				ENABLE_PREVIEWS = YES;
				GENERATE_INFOPLIST_FILE = YES;
				INFOPLIST_KEY_UIApplicationSceneManifest_Generation = YES;
				INFOPLIST_KEY_UIApplicationSupportsIndirectInputEvents = YES;
				INFOPLIST_KEY_UILaunchScreen_Generation = YES;
				INFOPLIST_KEY_UISupportedInterfaceOrientations_iPad = "UIInterfaceOrientationPortrait UIInterfaceOrientationPortraitUpsideDown UIInterfaceOrientationLandscapeLeft UIInterfaceOrientationLandscapeRight";
				INFOPLIST_KEY_UISupportedInterfaceOrientations_iPhone = "UIInterfaceOrientationPortrait UIInterfaceOrientationLandscapeLeft UIInterfaceOrientationLandscapeRight";
				LD_RUNPATH_SEARCH_PATHS = (
					"$(inherited)",
					"@executable_path/Frameworks",
				);
				MARKETING_VERSION = 1.0;
				PRODUCT_BUNDLE_IDENTIFIER = "com.Gregorio-Guarino.SessoTerzoTentativo";
				PRODUCT_NAME = "$(TARGET_NAME)";
				SWIFT_EMIT_LOC_STRINGS = YES;
				SWIFT_OPTIMIZATION_LEVEL = "-Onone";
				SWIFT_VERSION = 5.0;
				TARGETED_DEVICE_FAMILY = "1,2";
			};
			name = Debug;
		};
		37FE3D022A320F07006C2F80 /* Release */ = {
			isa = XCBuildConfiguration;
			buildSettings = {
				ASSETCATALOG_COMPILER_APPICON_NAME = AppIcon;
				ASSETCATALOG_COMPILER_GLOBAL_ACCENT_COLOR_NAME = AccentColor;
				CLANG_ENABLE_MODULES = YES;
				CODE_SIGN_STYLE = Automatic;
				CURRENT_PROJECT_VERSION = 1;
				DEVELOPMENT_ASSET_PATHS = "\"Heartalk/Preview Content\"";
				DEVELOPMENT_TEAM = 73UJ85V67K;
				ENABLE_PREVIEWS = YES;
				GENERATE_INFOPLIST_FILE = YES;
				INFOPLIST_KEY_UIApplicationSceneManifest_Generation = YES;
				INFOPLIST_KEY_UIApplicationSupportsIndirectInputEvents = YES;
				INFOPLIST_KEY_UILaunchScreen_Generation = YES;
				INFOPLIST_KEY_UISupportedInterfaceOrientations_iPad = "UIInterfaceOrientationPortrait UIInterfaceOrientationPortraitUpsideDown UIInterfaceOrientationLandscapeLeft UIInterfaceOrientationLandscapeRight";
				INFOPLIST_KEY_UISupportedInterfaceOrientations_iPhone = "UIInterfaceOrientationPortrait UIInterfaceOrientationLandscapeLeft UIInterfaceOrientationLandscapeRight";
				LD_RUNPATH_SEARCH_PATHS = (
					"$(inherited)",
					"@executable_path/Frameworks",
				);
				MARKETING_VERSION = 1.0;
				PRODUCT_BUNDLE_IDENTIFIER = "com.Gregorio-Guarino.SessoTerzoTentativo";
				PRODUCT_NAME = "$(TARGET_NAME)";
				SWIFT_EMIT_LOC_STRINGS = YES;
				SWIFT_VERSION = 5.0;
				TARGETED_DEVICE_FAMILY = "1,2";
			};
			name = Release;
		};
		37FE3D042A320F07006C2F80 /* Debug */ = {
			isa = XCBuildConfiguration;
			buildSettings = {
				ALWAYS_EMBED_SWIFT_STANDARD_LIBRARIES = YES;
				BUNDLE_LOADER = "$(TEST_HOST)";
				CODE_SIGN_STYLE = Automatic;
				CURRENT_PROJECT_VERSION = 1;
				DEVELOPMENT_TEAM = 73UJ85V67K;
				GENERATE_INFOPLIST_FILE = YES;
				IPHONEOS_DEPLOYMENT_TARGET = 16.4;
				MARKETING_VERSION = 1.0;
				PRODUCT_BUNDLE_IDENTIFIER = "com.Gregorio-Guarino.SessoTerzoTentativoTests";
				PRODUCT_NAME = "$(TARGET_NAME)";
				SWIFT_EMIT_LOC_STRINGS = NO;
				SWIFT_VERSION = 5.0;
				TARGETED_DEVICE_FAMILY = "1,2";
				TEST_HOST = "$(BUILT_PRODUCTS_DIR)/SessoTerzoTentativo.app/$(BUNDLE_EXECUTABLE_FOLDER_PATH)/SessoTerzoTentativo";
			};
			name = Debug;
		};
		37FE3D052A320F07006C2F80 /* Release */ = {
			isa = XCBuildConfiguration;
			buildSettings = {
				ALWAYS_EMBED_SWIFT_STANDARD_LIBRARIES = YES;
				BUNDLE_LOADER = "$(TEST_HOST)";
				CODE_SIGN_STYLE = Automatic;
				CURRENT_PROJECT_VERSION = 1;
				DEVELOPMENT_TEAM = 73UJ85V67K;
				GENERATE_INFOPLIST_FILE = YES;
				IPHONEOS_DEPLOYMENT_TARGET = 16.4;
				MARKETING_VERSION = 1.0;
				PRODUCT_BUNDLE_IDENTIFIER = "com.Gregorio-Guarino.SessoTerzoTentativoTests";
				PRODUCT_NAME = "$(TARGET_NAME)";
				SWIFT_EMIT_LOC_STRINGS = NO;
				SWIFT_VERSION = 5.0;
				TARGETED_DEVICE_FAMILY = "1,2";
				TEST_HOST = "$(BUILT_PRODUCTS_DIR)/SessoTerzoTentativo.app/$(BUNDLE_EXECUTABLE_FOLDER_PATH)/SessoTerzoTentativo";
			};
			name = Release;
		};
		37FE3D072A320F07006C2F80 /* Debug */ = {
			isa = XCBuildConfiguration;
			buildSettings = {
				ALWAYS_EMBED_SWIFT_STANDARD_LIBRARIES = YES;
				CODE_SIGN_STYLE = Automatic;
				CURRENT_PROJECT_VERSION = 1;
				DEVELOPMENT_TEAM = 73UJ85V67K;
				GENERATE_INFOPLIST_FILE = YES;
				MARKETING_VERSION = 1.0;
				PRODUCT_BUNDLE_IDENTIFIER = "com.Gregorio-Guarino.SessoTerzoTentativoUITests";
				PRODUCT_NAME = "$(TARGET_NAME)";
				SWIFT_EMIT_LOC_STRINGS = NO;
				SWIFT_VERSION = 5.0;
				TARGETED_DEVICE_FAMILY = "1,2";
				TEST_TARGET_NAME = SessoTerzoTentativo;
			};
			name = Debug;
		};
		37FE3D082A320F07006C2F80 /* Release */ = {
			isa = XCBuildConfiguration;
			buildSettings = {
				ALWAYS_EMBED_SWIFT_STANDARD_LIBRARIES = YES;
				CODE_SIGN_STYLE = Automatic;
				CURRENT_PROJECT_VERSION = 1;
				DEVELOPMENT_TEAM = 73UJ85V67K;
				GENERATE_INFOPLIST_FILE = YES;
				MARKETING_VERSION = 1.0;
				PRODUCT_BUNDLE_IDENTIFIER = "com.Gregorio-Guarino.SessoTerzoTentativoUITests";
				PRODUCT_NAME = "$(TARGET_NAME)";
				SWIFT_EMIT_LOC_STRINGS = NO;
				SWIFT_VERSION = 5.0;
				TARGETED_DEVICE_FAMILY = "1,2";
				TEST_TARGET_NAME = SessoTerzoTentativo;
			};
			name = Release;
		};
/* End XCBuildConfiguration section */

/* Begin XCConfigurationList section */
		37FE3CD72A320F06006C2F80 /* Build configuration list for PBXProject "Heartalk" */ = {
			isa = XCConfigurationList;
			buildConfigurations = (
				37FE3CFE2A320F07006C2F80 /* Debug */,
				37FE3CFF2A320F07006C2F80 /* Release */,
			);
			defaultConfigurationIsVisible = 0;
			defaultConfigurationName = Release;
		};
		37FE3D002A320F07006C2F80 /* Build configuration list for PBXNativeTarget "SessoTerzoTentativo" */ = {
			isa = XCConfigurationList;
			buildConfigurations = (
				37FE3D012A320F07006C2F80 /* Debug */,
				37FE3D022A320F07006C2F80 /* Release */,
			);
			defaultConfigurationIsVisible = 0;
			defaultConfigurationName = Release;
		};
		37FE3D032A320F07006C2F80 /* Build configuration list for PBXNativeTarget "SessoTerzoTentativoTests" */ = {
			isa = XCConfigurationList;
			buildConfigurations = (
				37FE3D042A320F07006C2F80 /* Debug */,
				37FE3D052A320F07006C2F80 /* Release */,
			);
			defaultConfigurationIsVisible = 0;
			defaultConfigurationName = Release;
		};
		37FE3D062A320F07006C2F80 /* Build configuration list for PBXNativeTarget "SessoTerzoTentativoUITests" */ = {
			isa = XCConfigurationList;
			buildConfigurations = (
				37FE3D072A320F07006C2F80 /* Debug */,
				37FE3D082A320F07006C2F80 /* Release */,
			);
			defaultConfigurationIsVisible = 0;
			defaultConfigurationName = Release;
		};
/* End XCConfigurationList section */
	};
	rootObject = 37FE3CD42A320F06006C2F80 /* Project object */;
}
