// !$*UTF8*$!
{
	archiveVersion = 1;
	classes = {
	};
	objectVersion = 56;
	objects = {

/* Begin PBXBuildFile section */
		9C0D7B222A33767C00369CEF /* notificationFunc.swift in Sources */ = {isa = PBXBuildFile; fileRef = 9C0D7B212A33767C00369CEF /* notificationFunc.swift */; };
		9C0D7B242A337BE700369CEF /* Canvas.swift in Sources */ = {isa = PBXBuildFile; fileRef = 9C0D7B232A337BE700369CEF /* Canvas.swift */; };
		9C0D7B262A337D2500369CEF /* PencilButton.swift in Sources */ = {isa = PBXBuildFile; fileRef = 9C0D7B252A337D2500369CEF /* PencilButton.swift */; };
		9C0D7B282A3387C600369CEF /* KeyBoardReadable.swift in Sources */ = {isa = PBXBuildFile; fileRef = 9C0D7B272A3387C600369CEF /* KeyBoardReadable.swift */; };
		9CC5B1CF2A33751400C4AC3A /* HeartalkApp.swift in Sources */ = {isa = PBXBuildFile; fileRef = 9CC5B1CE2A33751400C4AC3A /* HeartalkApp.swift */; };
		9CC5B1D12A33751400C4AC3A /* ContentView.swift in Sources */ = {isa = PBXBuildFile; fileRef = 9CC5B1D02A33751400C4AC3A /* ContentView.swift */; };
		9CC5B1D32A33751500C4AC3A /* Assets.xcassets in Resources */ = {isa = PBXBuildFile; fileRef = 9CC5B1D22A33751500C4AC3A /* Assets.xcassets */; };
		9CC5B1D62A33751500C4AC3A /* Preview Assets.xcassets in Resources */ = {isa = PBXBuildFile; fileRef = 9CC5B1D52A33751500C4AC3A /* Preview Assets.xcassets */; };
/* End PBXBuildFile section */

/* Begin PBXFileReference section */
		9C0D7B212A33767C00369CEF /* notificationFunc.swift */ = {isa = PBXFileReference; lastKnownFileType = sourcecode.swift; path = notificationFunc.swift; sourceTree = "<group>"; };
		9C0D7B232A337BE700369CEF /* Canvas.swift */ = {isa = PBXFileReference; lastKnownFileType = sourcecode.swift; path = Canvas.swift; sourceTree = "<group>"; };
		9C0D7B252A337D2500369CEF /* PencilButton.swift */ = {isa = PBXFileReference; lastKnownFileType = sourcecode.swift; path = PencilButton.swift; sourceTree = "<group>"; };
		9C0D7B272A3387C600369CEF /* KeyBoardReadable.swift */ = {isa = PBXFileReference; lastKnownFileType = sourcecode.swift; path = KeyBoardReadable.swift; sourceTree = "<group>"; };
		9CC5B1CB2A33751400C4AC3A /* Heartalk.app */ = {isa = PBXFileReference; explicitFileType = wrapper.application; includeInIndex = 0; path = Heartalk.app; sourceTree = BUILT_PRODUCTS_DIR; };
		9CC5B1CE2A33751400C4AC3A /* HeartalkApp.swift */ = {isa = PBXFileReference; lastKnownFileType = sourcecode.swift; path = HeartalkApp.swift; sourceTree = "<group>"; };
		9CC5B1D02A33751400C4AC3A /* ContentView.swift */ = {isa = PBXFileReference; lastKnownFileType = sourcecode.swift; path = ContentView.swift; sourceTree = "<group>"; };
		9CC5B1D22A33751500C4AC3A /* Assets.xcassets */ = {isa = PBXFileReference; lastKnownFileType = folder.assetcatalog; path = Assets.xcassets; sourceTree = "<group>"; };
		9CC5B1D52A33751500C4AC3A /* Preview Assets.xcassets */ = {isa = PBXFileReference; lastKnownFileType = folder.assetcatalog; path = "Preview Assets.xcassets"; sourceTree = "<group>"; };
/* End PBXFileReference section */

/* Begin PBXFrameworksBuildPhase section */
		9CC5B1C82A33751400C4AC3A /* Frameworks */ = {
			isa = PBXFrameworksBuildPhase;
			buildActionMask = 2147483647;
			files = (
			);
			runOnlyForDeploymentPostprocessing = 0;
		};
/* End PBXFrameworksBuildPhase section */

/* Begin PBXGroup section */
		9CC5B1C22A33751400C4AC3A = {
			isa = PBXGroup;
			children = (
				9CC5B1CD2A33751400C4AC3A /* Heartalk */,
				9CC5B1CC2A33751400C4AC3A /* Products */,
			);
			sourceTree = "<group>";
		};
		9CC5B1CC2A33751400C4AC3A /* Products */ = {
			isa = PBXGroup;
			children = (
				9CC5B1CB2A33751400C4AC3A /* Heartalk.app */,
			);
			name = Products;
			sourceTree = "<group>";
		};
		9CC5B1CD2A33751400C4AC3A /* Heartalk */ = {
			isa = PBXGroup;
			children = (
				9CC5B1CE2A33751400C4AC3A /* HeartalkApp.swift */,
				9CC5B1D02A33751400C4AC3A /* ContentView.swift */,
				9C0D7B272A3387C600369CEF /* KeyBoardReadable.swift */,
				9C0D7B252A337D2500369CEF /* PencilButton.swift */,
				9C0D7B232A337BE700369CEF /* Canvas.swift */,
				9C0D7B212A33767C00369CEF /* notificationFunc.swift */,
				9CC5B1D22A33751500C4AC3A /* Assets.xcassets */,
				9CC5B1D42A33751500C4AC3A /* Preview Content */,
			);
			path = Heartalk;
			sourceTree = "<group>";
		};
		9CC5B1D42A33751500C4AC3A /* Preview Content */ = {
			isa = PBXGroup;
			children = (
				9CC5B1D52A33751500C4AC3A /* Preview Assets.xcassets */,
			);
			path = "Preview Content";
			sourceTree = "<group>";
		};
/* End PBXGroup section */

/* Begin PBXNativeTarget section */
		9CC5B1CA2A33751400C4AC3A /* Heartalk */ = {
			isa = PBXNativeTarget;
			buildConfigurationList = 9CC5B1D92A33751500C4AC3A /* Build configuration list for PBXNativeTarget "Heartalk" */;
			buildPhases = (
				9CC5B1C72A33751400C4AC3A /* Sources */,
				9CC5B1C82A33751400C4AC3A /* Frameworks */,
				9CC5B1C92A33751400C4AC3A /* Resources */,
			);
			buildRules = (
			);
			dependencies = (
			);
			name = Heartalk;
			productName = Heartalk;
			productReference = 9CC5B1CB2A33751400C4AC3A /* Heartalk.app */;
			productType = "com.apple.product-type.application";
		};
/* End PBXNativeTarget section */

/* Begin PBXProject section */
		9CC5B1C32A33751400C4AC3A /* Project object */ = {
			isa = PBXProject;
			attributes = {
				BuildIndependentTargetsInParallel = 1;
				LastSwiftUpdateCheck = 1430;
				LastUpgradeCheck = 1430;
				TargetAttributes = {
					9CC5B1CA2A33751400C4AC3A = {
						CreatedOnToolsVersion = 14.3;
					};
				};
			};
			buildConfigurationList = 9CC5B1C62A33751400C4AC3A /* Build configuration list for PBXProject "Heartalk" */;
			compatibilityVersion = "Xcode 14.0";
			developmentRegion = en;
			hasScannedForEncodings = 0;
			knownRegions = (
				en,
				Base,
			);
			mainGroup = 9CC5B1C22A33751400C4AC3A;
			productRefGroup = 9CC5B1CC2A33751400C4AC3A /* Products */;
			projectDirPath = "";
			projectRoot = "";
			targets = (
				9CC5B1CA2A33751400C4AC3A /* Heartalk */,
			);
		};
/* End PBXProject section */

/* Begin PBXResourcesBuildPhase section */
		9CC5B1C92A33751400C4AC3A /* Resources */ = {
			isa = PBXResourcesBuildPhase;
			buildActionMask = 2147483647;
			files = (
				9CC5B1D62A33751500C4AC3A /* Preview Assets.xcassets in Resources */,
				9CC5B1D32A33751500C4AC3A /* Assets.xcassets in Resources */,
			);
			runOnlyForDeploymentPostprocessing = 0;
		};
/* End PBXResourcesBuildPhase section */

/* Begin PBXSourcesBuildPhase section */
		9CC5B1C72A33751400C4AC3A /* Sources */ = {
			isa = PBXSourcesBuildPhase;
			buildActionMask = 2147483647;
			files = (
				9C0D7B222A33767C00369CEF /* notificationFunc.swift in Sources */,
				9CC5B1D12A33751400C4AC3A /* ContentView.swift in Sources */,
				9C0D7B262A337D2500369CEF /* PencilButton.swift in Sources */,
				9CC5B1CF2A33751400C4AC3A /* HeartalkApp.swift in Sources */,
				9C0D7B282A3387C600369CEF /* KeyBoardReadable.swift in Sources */,
				9C0D7B242A337BE700369CEF /* Canvas.swift in Sources */,
			);
			runOnlyForDeploymentPostprocessing = 0;
		};
/* End PBXSourcesBuildPhase section */

/* Begin XCBuildConfiguration section */
		9CC5B1D72A33751500C4AC3A /* Debug */ = {
			isa = XCBuildConfiguration;
			buildSettings = {
				ALWAYS_SEARCH_USER_PATHS = NO;
				CLANG_ANALYZER_NONNULL = YES;
				CLANG_ANALYZER_NUMBER_OBJECT_CONVERSION = YES_AGGRESSIVE;
				CLANG_CXX_LANGUAGE_STANDARD = "gnu++20";
				CLANG_ENABLE_MODULES = YES;
				CLANG_ENABLE_OBJC_ARC = YES;
				CLANG_ENABLE_OBJC_WEAK = YES;
				CLANG_WARN_BLOCK_CAPTURE_AUTORELEASING = YES;
				CLANG_WARN_BOOL_CONVERSION = YES;
				CLANG_WARN_COMMA = YES;
				CLANG_WARN_CONSTANT_CONVERSION = YES;
				CLANG_WARN_DEPRECATED_OBJC_IMPLEMENTATIONS = YES;
				CLANG_WARN_DIRECT_OBJC_ISA_USAGE = YES_ERROR;
				CLANG_WARN_DOCUMENTATION_COMMENTS = YES;
				CLANG_WARN_EMPTY_BODY = YES;
				CLANG_WARN_ENUM_CONVERSION = YES;
				CLANG_WARN_INFINITE_RECURSION = YES;
				CLANG_WARN_INT_CONVERSION = YES;
				CLANG_WARN_NON_LITERAL_NULL_CONVERSION = YES;
				CLANG_WARN_OBJC_IMPLICIT_RETAIN_SELF = YES;
				CLANG_WARN_OBJC_LITERAL_CONVERSION = YES;
				CLANG_WARN_OBJC_ROOT_CLASS = YES_ERROR;
				CLANG_WARN_QUOTED_INCLUDE_IN_FRAMEWORK_HEADER = YES;
				CLANG_WARN_RANGE_LOOP_ANALYSIS = YES;
				CLANG_WARN_STRICT_PROTOTYPES = YES;
				CLANG_WARN_SUSPICIOUS_MOVE = YES;
				CLANG_WARN_UNGUARDED_AVAILABILITY = YES_AGGRESSIVE;
				CLANG_WARN_UNREACHABLE_CODE = YES;
				CLANG_WARN__DUPLICATE_METHOD_MATCH = YES;
				COPY_PHASE_STRIP = NO;
				DEBUG_INFORMATION_FORMAT = dwarf;
				ENABLE_STRICT_OBJC_MSGSEND = YES;
				ENABLE_TESTABILITY = YES;
				GCC_C_LANGUAGE_STANDARD = gnu11;
				GCC_DYNAMIC_NO_PIC = NO;
				GCC_NO_COMMON_BLOCKS = YES;
				GCC_OPTIMIZATION_LEVEL = 0;
				GCC_PREPROCESSOR_DEFINITIONS = (
					"DEBUG=1",
					"$(inherited)",
				);
				GCC_WARN_64_TO_32_BIT_CONVERSION = YES;
				GCC_WARN_ABOUT_RETURN_TYPE = YES_ERROR;
				GCC_WARN_UNDECLARED_SELECTOR = YES;
				GCC_WARN_UNINITIALIZED_AUTOS = YES_AGGRESSIVE;
				GCC_WARN_UNUSED_FUNCTION = YES;
				GCC_WARN_UNUSED_VARIABLE = YES;
				IPHONEOS_DEPLOYMENT_TARGET = 16.4;
				MTL_ENABLE_DEBUG_INFO = INCLUDE_SOURCE;
				MTL_FAST_MATH = YES;
				ONLY_ACTIVE_ARCH = YES;
				SDKROOT = iphoneos;
				SWIFT_ACTIVE_COMPILATION_CONDITIONS = DEBUG;
				SWIFT_OPTIMIZATION_LEVEL = "-Onone";
			};
			name = Debug;
		};
		9CC5B1D82A33751500C4AC3A /* Release */ = {
			isa = XCBuildConfiguration;
			buildSettings = {
				ALWAYS_SEARCH_USER_PATHS = NO;
				CLANG_ANALYZER_NONNULL = YES;
				CLANG_ANALYZER_NUMBER_OBJECT_CONVERSION = YES_AGGRESSIVE;
				CLANG_CXX_LANGUAGE_STANDARD = "gnu++20";
				CLANG_ENABLE_MODULES = YES;
				CLANG_ENABLE_OBJC_ARC = YES;
				CLANG_ENABLE_OBJC_WEAK = YES;
				CLANG_WARN_BLOCK_CAPTURE_AUTORELEASING = YES;
				CLANG_WARN_BOOL_CONVERSION = YES;
				CLANG_WARN_COMMA = YES;
				CLANG_WARN_CONSTANT_CONVERSION = YES;
				CLANG_WARN_DEPRECATED_OBJC_IMPLEMENTATIONS = YES;
				CLANG_WARN_DIRECT_OBJC_ISA_USAGE = YES_ERROR;
				CLANG_WARN_DOCUMENTATION_COMMENTS = YES;
				CLANG_WARN_EMPTY_BODY = YES;
				CLANG_WARN_ENUM_CONVERSION = YES;
				CLANG_WARN_INFINITE_RECURSION = YES;
				CLANG_WARN_INT_CONVERSION = YES;
				CLANG_WARN_NON_LITERAL_NULL_CONVERSION = YES;
				CLANG_WARN_OBJC_IMPLICIT_RETAIN_SELF = YES;
				CLANG_WARN_OBJC_LITERAL_CONVERSION = YES;
				CLANG_WARN_OBJC_ROOT_CLASS = YES_ERROR;
				CLANG_WARN_QUOTED_INCLUDE_IN_FRAMEWORK_HEADER = YES;
				CLANG_WARN_RANGE_LOOP_ANALYSIS = YES;
				CLANG_WARN_STRICT_PROTOTYPES = YES;
				CLANG_WARN_SUSPICIOUS_MOVE = YES;
				CLANG_WARN_UNGUARDED_AVAILABILITY = YES_AGGRESSIVE;
				CLANG_WARN_UNREACHABLE_CODE = YES;
				CLANG_WARN__DUPLICATE_METHOD_MATCH = YES;
				COPY_PHASE_STRIP = NO;
				DEBUG_INFORMATION_FORMAT = "dwarf-with-dsym";
				ENABLE_NS_ASSERTIONS = NO;
				ENABLE_STRICT_OBJC_MSGSEND = YES;
				GCC_C_LANGUAGE_STANDARD = gnu11;
				GCC_NO_COMMON_BLOCKS = YES;
				GCC_WARN_64_TO_32_BIT_CONVERSION = YES;
				GCC_WARN_ABOUT_RETURN_TYPE = YES_ERROR;
				GCC_WARN_UNDECLARED_SELECTOR = YES;
				GCC_WARN_UNINITIALIZED_AUTOS = YES_AGGRESSIVE;
				GCC_WARN_UNUSED_FUNCTION = YES;
				GCC_WARN_UNUSED_VARIABLE = YES;
				IPHONEOS_DEPLOYMENT_TARGET = 16.4;
				MTL_ENABLE_DEBUG_INFO = NO;
				MTL_FAST_MATH = YES;
				SDKROOT = iphoneos;
				SWIFT_COMPILATION_MODE = wholemodule;
				SWIFT_OPTIMIZATION_LEVEL = "-O";
				VALIDATE_PRODUCT = YES;
			};
			name = Release;
		};
		9CC5B1DA2A33751500C4AC3A /* Debug */ = {
			isa = XCBuildConfiguration;
			buildSettings = {
				ASSETCATALOG_COMPILER_APPICON_NAME = AppIcon;
				ASSETCATALOG_COMPILER_GLOBAL_ACCENT_COLOR_NAME = AccentColor;
				CODE_SIGN_STYLE = Automatic;
				CURRENT_PROJECT_VERSION = 1;
				DEVELOPMENT_ASSET_PATHS = "\"Heartalk/Preview Content\"";
				DEVELOPMENT_TEAM = 6DL7U9BGXC;
				ENABLE_PREVIEWS = YES;
				GENERATE_INFOPLIST_FILE = YES;
				INFOPLIST_KEY_UIApplicationSceneManifest_Generation = YES;
				INFOPLIST_KEY_UIApplicationSupportsIndirectInputEvents = YES;
				INFOPLIST_KEY_UILaunchScreen_Generation = YES;
				INFOPLIST_KEY_UISupportedInterfaceOrientations_iPad = "UIInterfaceOrientationPortrait UIInterfaceOrientationPortraitUpsideDown UIInterfaceOrientationLandscapeLeft UIInterfaceOrientationLandscapeRight";
				INFOPLIST_KEY_UISupportedInterfaceOrientations_iPhone = "UIInterfaceOrientationPortrait UIInterfaceOrientationLandscapeLeft UIInterfaceOrientationLandscapeRight";
				IPHONEOS_DEPLOYMENT_TARGET = 16.0;
				LD_RUNPATH_SEARCH_PATHS = (
					"$(inherited)",
					"@executable_path/Frameworks",
				);
				MARKETING_VERSION = 1.0;
				PRODUCT_BUNDLE_IDENTIFIER = stefano.Heartalk;
				PRODUCT_NAME = "$(TARGET_NAME)";
				SWIFT_EMIT_LOC_STRINGS = YES;
				SWIFT_VERSION = 5.0;
				TARGETED_DEVICE_FAMILY = "1,2";
			};
			name = Debug;
		};
		9CC5B1DB2A33751500C4AC3A /* Release */ = {
			isa = XCBuildConfiguration;
			buildSettings = {
				ASSETCATALOG_COMPILER_APPICON_NAME = AppIcon;
				ASSETCATALOG_COMPILER_GLOBAL_ACCENT_COLOR_NAME = AccentColor;
				CODE_SIGN_STYLE = Automatic;
				CURRENT_PROJECT_VERSION = 1;
				DEVELOPMENT_ASSET_PATHS = "\"Heartalk/Preview Content\"";
				DEVELOPMENT_TEAM = 6DL7U9BGXC;
				ENABLE_PREVIEWS = YES;
				GENERATE_INFOPLIST_FILE = YES;
				INFOPLIST_KEY_UIApplicationSceneManifest_Generation = YES;
				INFOPLIST_KEY_UIApplicationSupportsIndirectInputEvents = YES;
				INFOPLIST_KEY_UILaunchScreen_Generation = YES;
				INFOPLIST_KEY_UISupportedInterfaceOrientations_iPad = "UIInterfaceOrientationPortrait UIInterfaceOrientationPortraitUpsideDown UIInterfaceOrientationLandscapeLeft UIInterfaceOrientationLandscapeRight";
				INFOPLIST_KEY_UISupportedInterfaceOrientations_iPhone = "UIInterfaceOrientationPortrait UIInterfaceOrientationLandscapeLeft UIInterfaceOrientationLandscapeRight";
				IPHONEOS_DEPLOYMENT_TARGET = 16.0;
				LD_RUNPATH_SEARCH_PATHS = (
					"$(inherited)",
					"@executable_path/Frameworks",
				);
				MARKETING_VERSION = 1.0;
				PRODUCT_BUNDLE_IDENTIFIER = stefano.Heartalk;
				PRODUCT_NAME = "$(TARGET_NAME)";
				SWIFT_EMIT_LOC_STRINGS = YES;
				SWIFT_VERSION = 5.0;
				TARGETED_DEVICE_FAMILY = "1,2";
			};
			name = Release;
		};
/* End XCBuildConfiguration section */

/* Begin XCConfigurationList section */
		9CC5B1C62A33751400C4AC3A /* Build configuration list for PBXProject "Heartalk" */ = {
			isa = XCConfigurationList;
			buildConfigurations = (
				9CC5B1D72A33751500C4AC3A /* Debug */,
				9CC5B1D82A33751500C4AC3A /* Release */,
			);
			defaultConfigurationIsVisible = 0;
			defaultConfigurationName = Release;
		};
		9CC5B1D92A33751500C4AC3A /* Build configuration list for PBXNativeTarget "Heartalk" */ = {
			isa = XCConfigurationList;
			buildConfigurations = (
				9CC5B1DA2A33751500C4AC3A /* Debug */,
				9CC5B1DB2A33751500C4AC3A /* Release */,
			);
			defaultConfigurationIsVisible = 0;
			defaultConfigurationName = Release;
		};
/* End XCConfigurationList section */
	};
	rootObject = 9CC5B1C32A33751400C4AC3A /* Project object */;
}
